// !$*UTF8*$!
{
	archiveVersion = 1;
	classes = {
	};
	objectVersion = 51;
	objects = {

/* Begin PBXBuildFile section */
		8F3D9FB524C0055300374E09 /* AppDelegate.swift in Sources */ = {isa = PBXBuildFile; fileRef = 8F3D9FB424C0055300374E09 /* AppDelegate.swift */; };
		8F3D9FB724C0055300374E09 /* SceneDelegate.swift in Sources */ = {isa = PBXBuildFile; fileRef = 8F3D9FB624C0055300374E09 /* SceneDelegate.swift */; };
		8F3D9FBE24C0055800374E09 /* Assets.xcassets in Resources */ = {isa = PBXBuildFile; fileRef = 8F3D9FBD24C0055800374E09 /* Assets.xcassets */; };
		8F3D9FC124C0055800374E09 /* LaunchScreen.storyboard in Resources */ = {isa = PBXBuildFile; fileRef = 8F3D9FBF24C0055800374E09 /* LaunchScreen.storyboard */; };
		8F8BDBE924C00D4B00E55A12 /* PetProjectTests.swift in Sources */ = {isa = PBXBuildFile; fileRef = 8F8BDBE824C00D4B00E55A12 /* PetProjectTests.swift */; };
		8F8BDC3E24C0137100E55A12 /* AttributedLabel.swift in Sources */ = {isa = PBXBuildFile; fileRef = 8F8BDC3D24C0137100E55A12 /* AttributedLabel.swift */; };
		8F8BDC4224C013D800E55A12 /* UIView+Style.swift in Sources */ = {isa = PBXBuildFile; fileRef = 8F8BDC4124C013D800E55A12 /* UIView+Style.swift */; };
		8F8BDC4524C0141A00E55A12 /* Style.swift in Sources */ = {isa = PBXBuildFile; fileRef = 8F8BDC4424C0141A00E55A12 /* Style.swift */; };
		8F8BDC4924C0172600E55A12 /* NSAttributedString+AttributesCustomizing.swift in Sources */ = {isa = PBXBuildFile; fileRef = 8F8BDC4724C0172600E55A12 /* NSAttributedString+AttributesCustomizing.swift */; };
		8F8BDC4A24C0172600E55A12 /* NSAttributedString+Attributes.swift in Sources */ = {isa = PBXBuildFile; fileRef = 8F8BDC4824C0172600E55A12 /* NSAttributedString+Attributes.swift */; };
		8F8BDC4E24C0192800E55A12 /* Logger.swift in Sources */ = {isa = PBXBuildFile; fileRef = 8F8BDC4D24C0192800E55A12 /* Logger.swift */; };
		8F8BDC5624C0195800E55A12 /* ErrorLoggerType.swift in Sources */ = {isa = PBXBuildFile; fileRef = 8F8BDC5024C0195700E55A12 /* ErrorLoggerType.swift */; };
		8F8BDC5724C0195800E55A12 /* SuccessLoggerType.swift in Sources */ = {isa = PBXBuildFile; fileRef = 8F8BDC5124C0195700E55A12 /* SuccessLoggerType.swift */; };
		8F8BDC5824C0195800E55A12 /* LoggerMessageType.swift in Sources */ = {isa = PBXBuildFile; fileRef = 8F8BDC5224C0195700E55A12 /* LoggerMessageType.swift */; };
		8F8BDC5924C0195800E55A12 /* DebugLoggerType.swift in Sources */ = {isa = PBXBuildFile; fileRef = 8F8BDC5324C0195800E55A12 /* DebugLoggerType.swift */; };
		8F8BDC5A24C0195800E55A12 /* DefaultLoggerType.swift in Sources */ = {isa = PBXBuildFile; fileRef = 8F8BDC5424C0195800E55A12 /* DefaultLoggerType.swift */; };
		8F8BDC5B24C0195800E55A12 /* WarningLoggerType.swift in Sources */ = {isa = PBXBuildFile; fileRef = 8F8BDC5524C0195800E55A12 /* WarningLoggerType.swift */; };
		8F8BDC5E24C020B000E55A12 /* RealmStorage.swift in Sources */ = {isa = PBXBuildFile; fileRef = 8F8BDC5D24C020B000E55A12 /* RealmStorage.swift */; };
		8F8BDC6124C0212E00E55A12 /* FileManager+Pathes.swift in Sources */ = {isa = PBXBuildFile; fileRef = 8F8BDC6024C0212E00E55A12 /* FileManager+Pathes.swift */; };
		8F8BDC6324C021D100E55A12 /* AppError.swift in Sources */ = {isa = PBXBuildFile; fileRef = 8F8BDC6224C021D100E55A12 /* AppError.swift */; };
		8F8BDC8424C02D6400E55A12 /* Localizable.strings in Resources */ = {isa = PBXBuildFile; fileRef = 8F8BDC8624C02D6400E55A12 /* Localizable.strings */; };
		8F8BDC8F24C03D7400E55A12 /* R.generated.swift in Sources */ = {isa = PBXBuildFile; fileRef = 8F8BDC8E24C03D7400E55A12 /* R.generated.swift */; };
		8F8BDCBD24C1947200E55A12 /* NavigationBarOwner.swift in Sources */ = {isa = PBXBuildFile; fileRef = 8F8BDCBA24C1947200E55A12 /* NavigationBarOwner.swift */; };
		8F8BDCBE24C1947200E55A12 /* RouterInterface.swift in Sources */ = {isa = PBXBuildFile; fileRef = 8F8BDCBB24C1947200E55A12 /* RouterInterface.swift */; };
		8F8BDCBF24C1947200E55A12 /* BaseRouter.swift in Sources */ = {isa = PBXBuildFile; fileRef = 8F8BDCBC24C1947200E55A12 /* BaseRouter.swift */; };
		8F8BDCCE24C1947F00E55A12 /* CarsListInteractor.swift in Sources */ = {isa = PBXBuildFile; fileRef = 8F8BDCC124C1947E00E55A12 /* CarsListInteractor.swift */; };
		8F8BDCCF24C1947F00E55A12 /* CarsListPresenter.swift in Sources */ = {isa = PBXBuildFile; fileRef = 8F8BDCC224C1947E00E55A12 /* CarsListPresenter.swift */; };
		8F8BDCD024C1947F00E55A12 /* CarsListViewController.swift in Sources */ = {isa = PBXBuildFile; fileRef = 8F8BDCC324C1947E00E55A12 /* CarsListViewController.swift */; };
		8F8BDCD124C1947F00E55A12 /* CarsListFabric.swift in Sources */ = {isa = PBXBuildFile; fileRef = 8F8BDCC424C1947E00E55A12 /* CarsListFabric.swift */; };
		8F8BDCD224C1947F00E55A12 /* CarsListView.swift in Sources */ = {isa = PBXBuildFile; fileRef = 8F8BDCC524C1947E00E55A12 /* CarsListView.swift */; };
		8F8BDCD324C1947F00E55A12 /* CarsListRouter.swift in Sources */ = {isa = PBXBuildFile; fileRef = 8F8BDCC624C1947E00E55A12 /* CarsListRouter.swift */; };
		8F8BDCD424C1947F00E55A12 /* MainViewController.swift in Sources */ = {isa = PBXBuildFile; fileRef = 8F8BDCC824C1947F00E55A12 /* MainViewController.swift */; };
		8F8BDCD524C1947F00E55A12 /* MainInteractor.swift in Sources */ = {isa = PBXBuildFile; fileRef = 8F8BDCC924C1947F00E55A12 /* MainInteractor.swift */; };
		8F8BDCD624C1947F00E55A12 /* MainPresenter.swift in Sources */ = {isa = PBXBuildFile; fileRef = 8F8BDCCA24C1947F00E55A12 /* MainPresenter.swift */; };
		8F8BDCD724C1947F00E55A12 /* MainRouter.swift in Sources */ = {isa = PBXBuildFile; fileRef = 8F8BDCCB24C1947F00E55A12 /* MainRouter.swift */; };
		8F8BDCD824C1947F00E55A12 /* MainView.swift in Sources */ = {isa = PBXBuildFile; fileRef = 8F8BDCCC24C1947F00E55A12 /* MainView.swift */; };
		8F8BDCD924C1947F00E55A12 /* MainFabric.swift in Sources */ = {isa = PBXBuildFile; fileRef = 8F8BDCCD24C1947F00E55A12 /* MainFabric.swift */; };
		CE688B33C9CBE9BDBFA36D38 /* Pods_PetProject.framework in Frameworks */ = {isa = PBXBuildFile; fileRef = BDA43BDFDBD72F57171597EE /* Pods_PetProject.framework */; };
		D49FC06F8CD167F7DC65482F /* Pods_PetProjectTests.framework in Frameworks */ = {isa = PBXBuildFile; fileRef = 3EA6696538FF5877B949EFA4 /* Pods_PetProjectTests.framework */; };
/* End PBXBuildFile section */

/* Begin PBXContainerItemProxy section */
		8F8BDBEB24C00D4B00E55A12 /* PBXContainerItemProxy */ = {
			isa = PBXContainerItemProxy;
			containerPortal = 8F3D9FA924C0055300374E09 /* Project object */;
			proxyType = 1;
			remoteGlobalIDString = 8F3D9FB024C0055300374E09;
			remoteInfo = PetProject;
		};
/* End PBXContainerItemProxy section */

/* Begin PBXCopyFilesBuildPhase section */
		8F8BDC9724C0414800E55A12 /* Embed Frameworks */ = {
			isa = PBXCopyFilesBuildPhase;
			buildActionMask = 2147483647;
			dstPath = "";
			dstSubfolderSpec = 10;
			files = (
			);
			name = "Embed Frameworks";
			runOnlyForDeploymentPostprocessing = 0;
		};
/* End PBXCopyFilesBuildPhase section */

/* Begin PBXFileReference section */
		3EA6696538FF5877B949EFA4 /* Pods_PetProjectTests.framework */ = {isa = PBXFileReference; explicitFileType = wrapper.framework; includeInIndex = 0; path = Pods_PetProjectTests.framework; sourceTree = BUILT_PRODUCTS_DIR; };
		61FFEC6AEB5E385AA7606FCD /* Pods-PetProject.release.xcconfig */ = {isa = PBXFileReference; includeInIndex = 1; lastKnownFileType = text.xcconfig; name = "Pods-PetProject.release.xcconfig"; path = "Target Support Files/Pods-PetProject/Pods-PetProject.release.xcconfig"; sourceTree = "<group>"; };
		8F3D9FB124C0055300374E09 /* PetProject.app */ = {isa = PBXFileReference; explicitFileType = wrapper.application; includeInIndex = 0; path = PetProject.app; sourceTree = BUILT_PRODUCTS_DIR; };
		8F3D9FB424C0055300374E09 /* AppDelegate.swift */ = {isa = PBXFileReference; lastKnownFileType = sourcecode.swift; path = AppDelegate.swift; sourceTree = "<group>"; };
		8F3D9FB624C0055300374E09 /* SceneDelegate.swift */ = {isa = PBXFileReference; lastKnownFileType = sourcecode.swift; path = SceneDelegate.swift; sourceTree = "<group>"; };
		8F3D9FBD24C0055800374E09 /* Assets.xcassets */ = {isa = PBXFileReference; lastKnownFileType = folder.assetcatalog; path = Assets.xcassets; sourceTree = "<group>"; };
		8F3D9FC024C0055800374E09 /* Base */ = {isa = PBXFileReference; lastKnownFileType = file.storyboard; name = Base; path = Base.lproj/LaunchScreen.storyboard; sourceTree = "<group>"; };
		8F3D9FC224C0055800374E09 /* Info.plist */ = {isa = PBXFileReference; lastKnownFileType = text.plist.xml; path = Info.plist; sourceTree = "<group>"; };
		8F8BDBE624C00D4B00E55A12 /* PetProjectTests.xctest */ = {isa = PBXFileReference; explicitFileType = wrapper.cfbundle; includeInIndex = 0; path = PetProjectTests.xctest; sourceTree = BUILT_PRODUCTS_DIR; };
		8F8BDBE824C00D4B00E55A12 /* PetProjectTests.swift */ = {isa = PBXFileReference; lastKnownFileType = sourcecode.swift; path = PetProjectTests.swift; sourceTree = "<group>"; };
		8F8BDBEA24C00D4B00E55A12 /* Info.plist */ = {isa = PBXFileReference; lastKnownFileType = text.plist.xml; path = Info.plist; sourceTree = "<group>"; };
		8F8BDC3D24C0137100E55A12 /* AttributedLabel.swift */ = {isa = PBXFileReference; fileEncoding = 4; lastKnownFileType = sourcecode.swift; path = AttributedLabel.swift; sourceTree = "<group>"; };
		8F8BDC4124C013D800E55A12 /* UIView+Style.swift */ = {isa = PBXFileReference; fileEncoding = 4; lastKnownFileType = sourcecode.swift; path = "UIView+Style.swift"; sourceTree = "<group>"; };
		8F8BDC4424C0141A00E55A12 /* Style.swift */ = {isa = PBXFileReference; fileEncoding = 4; lastKnownFileType = sourcecode.swift; path = Style.swift; sourceTree = "<group>"; };
		8F8BDC4724C0172600E55A12 /* NSAttributedString+AttributesCustomizing.swift */ = {isa = PBXFileReference; fileEncoding = 4; lastKnownFileType = sourcecode.swift; path = "NSAttributedString+AttributesCustomizing.swift"; sourceTree = "<group>"; };
		8F8BDC4824C0172600E55A12 /* NSAttributedString+Attributes.swift */ = {isa = PBXFileReference; fileEncoding = 4; lastKnownFileType = sourcecode.swift; path = "NSAttributedString+Attributes.swift"; sourceTree = "<group>"; };
		8F8BDC4D24C0192800E55A12 /* Logger.swift */ = {isa = PBXFileReference; fileEncoding = 4; lastKnownFileType = sourcecode.swift; path = Logger.swift; sourceTree = "<group>"; };
		8F8BDC5024C0195700E55A12 /* ErrorLoggerType.swift */ = {isa = PBXFileReference; fileEncoding = 4; lastKnownFileType = sourcecode.swift; path = ErrorLoggerType.swift; sourceTree = "<group>"; };
		8F8BDC5124C0195700E55A12 /* SuccessLoggerType.swift */ = {isa = PBXFileReference; fileEncoding = 4; lastKnownFileType = sourcecode.swift; path = SuccessLoggerType.swift; sourceTree = "<group>"; };
		8F8BDC5224C0195700E55A12 /* LoggerMessageType.swift */ = {isa = PBXFileReference; fileEncoding = 4; lastKnownFileType = sourcecode.swift; path = LoggerMessageType.swift; sourceTree = "<group>"; };
		8F8BDC5324C0195800E55A12 /* DebugLoggerType.swift */ = {isa = PBXFileReference; fileEncoding = 4; lastKnownFileType = sourcecode.swift; path = DebugLoggerType.swift; sourceTree = "<group>"; };
		8F8BDC5424C0195800E55A12 /* DefaultLoggerType.swift */ = {isa = PBXFileReference; fileEncoding = 4; lastKnownFileType = sourcecode.swift; path = DefaultLoggerType.swift; sourceTree = "<group>"; };
		8F8BDC5524C0195800E55A12 /* WarningLoggerType.swift */ = {isa = PBXFileReference; fileEncoding = 4; lastKnownFileType = sourcecode.swift; path = WarningLoggerType.swift; sourceTree = "<group>"; };
		8F8BDC5D24C020B000E55A12 /* RealmStorage.swift */ = {isa = PBXFileReference; lastKnownFileType = sourcecode.swift; path = RealmStorage.swift; sourceTree = "<group>"; };
		8F8BDC6024C0212E00E55A12 /* FileManager+Pathes.swift */ = {isa = PBXFileReference; lastKnownFileType = sourcecode.swift; path = "FileManager+Pathes.swift"; sourceTree = "<group>"; };
		8F8BDC6224C021D100E55A12 /* AppError.swift */ = {isa = PBXFileReference; lastKnownFileType = sourcecode.swift; path = AppError.swift; sourceTree = "<group>"; };
		8F8BDC8024C02CF200E55A12 /* ru */ = {isa = PBXFileReference; lastKnownFileType = text.plist.strings; name = ru; path = ru.lproj/LaunchScreen.strings; sourceTree = "<group>"; };
		8F8BDC8524C02D6400E55A12 /* en */ = {isa = PBXFileReference; lastKnownFileType = text.plist.strings; name = en; path = en.lproj/Localizable.strings; sourceTree = "<group>"; };
		8F8BDC8724C02D6800E55A12 /* ru */ = {isa = PBXFileReference; lastKnownFileType = text.plist.strings; name = ru; path = ru.lproj/Localizable.strings; sourceTree = "<group>"; };
		8F8BDC8E24C03D7400E55A12 /* R.generated.swift */ = {isa = PBXFileReference; fileEncoding = 4; lastKnownFileType = sourcecode.swift; path = R.generated.swift; sourceTree = SOURCE_ROOT; };
		8F8BDCBA24C1947200E55A12 /* NavigationBarOwner.swift */ = {isa = PBXFileReference; fileEncoding = 4; lastKnownFileType = sourcecode.swift; path = NavigationBarOwner.swift; sourceTree = "<group>"; };
		8F8BDCBB24C1947200E55A12 /* RouterInterface.swift */ = {isa = PBXFileReference; fileEncoding = 4; lastKnownFileType = sourcecode.swift; path = RouterInterface.swift; sourceTree = "<group>"; };
		8F8BDCBC24C1947200E55A12 /* BaseRouter.swift */ = {isa = PBXFileReference; fileEncoding = 4; lastKnownFileType = sourcecode.swift; path = BaseRouter.swift; sourceTree = "<group>"; };
		8F8BDCC124C1947E00E55A12 /* CarsListInteractor.swift */ = {isa = PBXFileReference; fileEncoding = 4; lastKnownFileType = sourcecode.swift; path = CarsListInteractor.swift; sourceTree = "<group>"; };
		8F8BDCC224C1947E00E55A12 /* CarsListPresenter.swift */ = {isa = PBXFileReference; fileEncoding = 4; lastKnownFileType = sourcecode.swift; path = CarsListPresenter.swift; sourceTree = "<group>"; };
		8F8BDCC324C1947E00E55A12 /* CarsListViewController.swift */ = {isa = PBXFileReference; fileEncoding = 4; lastKnownFileType = sourcecode.swift; path = CarsListViewController.swift; sourceTree = "<group>"; };
		8F8BDCC424C1947E00E55A12 /* CarsListFabric.swift */ = {isa = PBXFileReference; fileEncoding = 4; lastKnownFileType = sourcecode.swift; path = CarsListFabric.swift; sourceTree = "<group>"; };
		8F8BDCC524C1947E00E55A12 /* CarsListView.swift */ = {isa = PBXFileReference; fileEncoding = 4; lastKnownFileType = sourcecode.swift; path = CarsListView.swift; sourceTree = "<group>"; };
		8F8BDCC624C1947E00E55A12 /* CarsListRouter.swift */ = {isa = PBXFileReference; fileEncoding = 4; lastKnownFileType = sourcecode.swift; path = CarsListRouter.swift; sourceTree = "<group>"; };
		8F8BDCC824C1947F00E55A12 /* MainViewController.swift */ = {isa = PBXFileReference; fileEncoding = 4; lastKnownFileType = sourcecode.swift; path = MainViewController.swift; sourceTree = "<group>"; };
		8F8BDCC924C1947F00E55A12 /* MainInteractor.swift */ = {isa = PBXFileReference; fileEncoding = 4; lastKnownFileType = sourcecode.swift; path = MainInteractor.swift; sourceTree = "<group>"; };
		8F8BDCCA24C1947F00E55A12 /* MainPresenter.swift */ = {isa = PBXFileReference; fileEncoding = 4; lastKnownFileType = sourcecode.swift; path = MainPresenter.swift; sourceTree = "<group>"; };
		8F8BDCCB24C1947F00E55A12 /* MainRouter.swift */ = {isa = PBXFileReference; fileEncoding = 4; lastKnownFileType = sourcecode.swift; path = MainRouter.swift; sourceTree = "<group>"; };
		8F8BDCCC24C1947F00E55A12 /* MainView.swift */ = {isa = PBXFileReference; fileEncoding = 4; lastKnownFileType = sourcecode.swift; path = MainView.swift; sourceTree = "<group>"; };
		8F8BDCCD24C1947F00E55A12 /* MainFabric.swift */ = {isa = PBXFileReference; fileEncoding = 4; lastKnownFileType = sourcecode.swift; path = MainFabric.swift; sourceTree = "<group>"; };
		9F52BF9EF029E20B665A50A5 /* Pods-PetProjectTests.release.xcconfig */ = {isa = PBXFileReference; includeInIndex = 1; lastKnownFileType = text.xcconfig; name = "Pods-PetProjectTests.release.xcconfig"; path = "Target Support Files/Pods-PetProjectTests/Pods-PetProjectTests.release.xcconfig"; sourceTree = "<group>"; };
		BDA43BDFDBD72F57171597EE /* Pods_PetProject.framework */ = {isa = PBXFileReference; explicitFileType = wrapper.framework; includeInIndex = 0; path = Pods_PetProject.framework; sourceTree = BUILT_PRODUCTS_DIR; };
		BDD9992C50914DAC2BA51A09 /* Pods-PetProject.debug.xcconfig */ = {isa = PBXFileReference; includeInIndex = 1; lastKnownFileType = text.xcconfig; name = "Pods-PetProject.debug.xcconfig"; path = "Target Support Files/Pods-PetProject/Pods-PetProject.debug.xcconfig"; sourceTree = "<group>"; };
		D793F0692A9A39EEB3CC4430 /* Pods-PetProjectTests.debug.xcconfig */ = {isa = PBXFileReference; includeInIndex = 1; lastKnownFileType = text.xcconfig; name = "Pods-PetProjectTests.debug.xcconfig"; path = "Target Support Files/Pods-PetProjectTests/Pods-PetProjectTests.debug.xcconfig"; sourceTree = "<group>"; };
/* End PBXFileReference section */

/* Begin PBXFrameworksBuildPhase section */
		8F3D9FAE24C0055300374E09 /* Frameworks */ = {
			isa = PBXFrameworksBuildPhase;
			buildActionMask = 2147483647;
			files = (
				CE688B33C9CBE9BDBFA36D38 /* Pods_PetProject.framework in Frameworks */,
			);
			runOnlyForDeploymentPostprocessing = 0;
		};
		8F8BDBE324C00D4B00E55A12 /* Frameworks */ = {
			isa = PBXFrameworksBuildPhase;
			buildActionMask = 2147483647;
			files = (
				D49FC06F8CD167F7DC65482F /* Pods_PetProjectTests.framework in Frameworks */,
			);
			runOnlyForDeploymentPostprocessing = 0;
		};
/* End PBXFrameworksBuildPhase section */

/* Begin PBXGroup section */
		1467612882B20D0AACAFA5C3 /* Pods */ = {
			isa = PBXGroup;
			children = (
				BDD9992C50914DAC2BA51A09 /* Pods-PetProject.debug.xcconfig */,
				61FFEC6AEB5E385AA7606FCD /* Pods-PetProject.release.xcconfig */,
				D793F0692A9A39EEB3CC4430 /* Pods-PetProjectTests.debug.xcconfig */,
				9F52BF9EF029E20B665A50A5 /* Pods-PetProjectTests.release.xcconfig */,
			);
			path = Pods;
			sourceTree = "<group>";
		};
		8F3D9FA824C0055300374E09 = {
			isa = PBXGroup;
			children = (
				8F3D9FB324C0055300374E09 /* PetProject */,
				8F8BDBE724C00D4B00E55A12 /* PetProjectTests */,
				8F3D9FB224C0055300374E09 /* Products */,
				1467612882B20D0AACAFA5C3 /* Pods */,
				90E9041123445B1BA519FDA4 /* Frameworks */,
			);
			sourceTree = "<group>";
		};
		8F3D9FB224C0055300374E09 /* Products */ = {
			isa = PBXGroup;
			children = (
				8F3D9FB124C0055300374E09 /* PetProject.app */,
				8F8BDBE624C00D4B00E55A12 /* PetProjectTests.xctest */,
			);
			name = Products;
			sourceTree = "<group>";
		};
		8F3D9FB324C0055300374E09 /* PetProject */ = {
			isa = PBXGroup;
			children = (
				8F8BDC3F24C0138900E55A12 /* Extensions */,
				8F3D9FE224C008C400374E09 /* Lifecycle */,
				8F8BDC4324C013F800E55A12 /* Models */,
				8F8BDC6824C02B0700E55A12 /* Modules */,
				8F8BDC4C24C0190000E55A12 /* Services */,
				8F8BDC3B24C0133100E55A12 /* Views */,
				8F3D9FBD24C0055800374E09 /* Assets.xcassets */,
				8F3D9FC224C0055800374E09 /* Info.plist */,
				8F3D9FBF24C0055800374E09 /* LaunchScreen.storyboard */,
				8F8BDC8624C02D6400E55A12 /* Localizable.strings */,
				8F8BDC8E24C03D7400E55A12 /* R.generated.swift */,
			);
			path = PetProject;
			sourceTree = "<group>";
		};
		8F3D9FE224C008C400374E09 /* Lifecycle */ = {
			isa = PBXGroup;
			children = (
				8F3D9FB424C0055300374E09 /* AppDelegate.swift */,
				8F3D9FB624C0055300374E09 /* SceneDelegate.swift */,
			);
			path = Lifecycle;
			sourceTree = "<group>";
		};
		8F8BDBE724C00D4B00E55A12 /* PetProjectTests */ = {
			isa = PBXGroup;
			children = (
				8F8BDBE824C00D4B00E55A12 /* PetProjectTests.swift */,
				8F8BDBEA24C00D4B00E55A12 /* Info.plist */,
			);
			path = PetProjectTests;
			sourceTree = "<group>";
		};
		8F8BDC3B24C0133100E55A12 /* Views */ = {
			isa = PBXGroup;
			children = (
				8F8BDC3C24C0135D00E55A12 /* Labels */,
			);
			path = Views;
			sourceTree = "<group>";
		};
		8F8BDC3C24C0135D00E55A12 /* Labels */ = {
			isa = PBXGroup;
			children = (
				8F8BDC3D24C0137100E55A12 /* AttributedLabel.swift */,
			);
			path = Labels;
			sourceTree = "<group>";
		};
		8F8BDC3F24C0138900E55A12 /* Extensions */ = {
			isa = PBXGroup;
			children = (
				8F8BDC5F24C0211800E55A12 /* FileManager */,
				8F8BDC4624C016ED00E55A12 /* NSAttributedString */,
				8F8BDC4024C013A400E55A12 /* UIView */,
			);
			path = Extensions;
			sourceTree = "<group>";
		};
		8F8BDC4024C013A400E55A12 /* UIView */ = {
			isa = PBXGroup;
			children = (
				8F8BDC4124C013D800E55A12 /* UIView+Style.swift */,
			);
			path = UIView;
			sourceTree = "<group>";
		};
		8F8BDC4324C013F800E55A12 /* Models */ = {
			isa = PBXGroup;
			children = (
				8F8BDC4424C0141A00E55A12 /* Style.swift */,
				8F8BDC6224C021D100E55A12 /* AppError.swift */,
			);
			path = Models;
			sourceTree = "<group>";
		};
		8F8BDC4624C016ED00E55A12 /* NSAttributedString */ = {
			isa = PBXGroup;
			children = (
				8F8BDC4824C0172600E55A12 /* NSAttributedString+Attributes.swift */,
				8F8BDC4724C0172600E55A12 /* NSAttributedString+AttributesCustomizing.swift */,
			);
			path = NSAttributedString;
			sourceTree = "<group>";
		};
		8F8BDC4B24C018F600E55A12 /* Logger */ = {
			isa = PBXGroup;
			children = (
				8F8BDC4D24C0192800E55A12 /* Logger.swift */,
				8F8BDC4F24C0192B00E55A12 /* MessageType */,
			);
			path = Logger;
			sourceTree = "<group>";
		};
		8F8BDC4C24C0190000E55A12 /* Services */ = {
			isa = PBXGroup;
			children = (
				8F8BDC4B24C018F600E55A12 /* Logger */,
				8F8BDC5C24C0209400E55A12 /* Storage */,
			);
			path = Services;
			sourceTree = "<group>";
		};
		8F8BDC4F24C0192B00E55A12 /* MessageType */ = {
			isa = PBXGroup;
			children = (
				8F8BDC5324C0195800E55A12 /* DebugLoggerType.swift */,
				8F8BDC5424C0195800E55A12 /* DefaultLoggerType.swift */,
				8F8BDC5024C0195700E55A12 /* ErrorLoggerType.swift */,
				8F8BDC5224C0195700E55A12 /* LoggerMessageType.swift */,
				8F8BDC5124C0195700E55A12 /* SuccessLoggerType.swift */,
				8F8BDC5524C0195800E55A12 /* WarningLoggerType.swift */,
			);
			path = MessageType;
			sourceTree = "<group>";
		};
		8F8BDC5C24C0209400E55A12 /* Storage */ = {
			isa = PBXGroup;
			children = (
				8F8BDC5D24C020B000E55A12 /* RealmStorage.swift */,
			);
			path = Storage;
			sourceTree = "<group>";
		};
		8F8BDC5F24C0211800E55A12 /* FileManager */ = {
			isa = PBXGroup;
			children = (
				8F8BDC6024C0212E00E55A12 /* FileManager+Pathes.swift */,
			);
			path = FileManager;
			sourceTree = "<group>";
		};
		8F8BDC6824C02B0700E55A12 /* Modules */ = {
			isa = PBXGroup;
			children = (
				8F8BDCB924C1947200E55A12 /* Base */,
				8F8BDCC024C1947E00E55A12 /* CarsList */,
				8F8BDCC724C1947F00E55A12 /* Main */,
			);
			path = Modules;
			sourceTree = "<group>";
		};
		8F8BDCB924C1947200E55A12 /* Base */ = {
			isa = PBXGroup;
			children = (
				8F8BDCBA24C1947200E55A12 /* NavigationBarOwner.swift */,
				8F8BDCBB24C1947200E55A12 /* RouterInterface.swift */,
				8F8BDCBC24C1947200E55A12 /* BaseRouter.swift */,
			);
			path = Base;
			sourceTree = "<group>";
		};
		8F8BDCC024C1947E00E55A12 /* CarsList */ = {
			isa = PBXGroup;
			children = (
				8F8BDCC124C1947E00E55A12 /* CarsListInteractor.swift */,
				8F8BDCC224C1947E00E55A12 /* CarsListPresenter.swift */,
				8F8BDCC324C1947E00E55A12 /* CarsListViewController.swift */,
				8F8BDCC424C1947E00E55A12 /* CarsListFabric.swift */,
				8F8BDCC524C1947E00E55A12 /* CarsListView.swift */,
				8F8BDCC624C1947E00E55A12 /* CarsListRouter.swift */,
			);
			path = CarsList;
			sourceTree = "<group>";
		};
		8F8BDCC724C1947F00E55A12 /* Main */ = {
			isa = PBXGroup;
			children = (
				8F8BDCC824C1947F00E55A12 /* MainViewController.swift */,
				8F8BDCC924C1947F00E55A12 /* MainInteractor.swift */,
				8F8BDCCA24C1947F00E55A12 /* MainPresenter.swift */,
				8F8BDCCB24C1947F00E55A12 /* MainRouter.swift */,
				8F8BDCCC24C1947F00E55A12 /* MainView.swift */,
				8F8BDCCD24C1947F00E55A12 /* MainFabric.swift */,
			);
			path = Main;
			sourceTree = "<group>";
		};
		90E9041123445B1BA519FDA4 /* Frameworks */ = {
			isa = PBXGroup;
			children = (
				BDA43BDFDBD72F57171597EE /* Pods_PetProject.framework */,
				3EA6696538FF5877B949EFA4 /* Pods_PetProjectTests.framework */,
			);
			name = Frameworks;
			sourceTree = "<group>";
		};
/* End PBXGroup section */

/* Begin PBXNativeTarget section */
		8F3D9FB024C0055300374E09 /* PetProject */ = {
			isa = PBXNativeTarget;
			buildConfigurationList = 8F3D9FC524C0055800374E09 /* Build configuration list for PBXNativeTarget "PetProject" */;
			buildPhases = (
				21564075B959D5C1E583AAEA /* [CP] Check Pods Manifest.lock */,
				8F8BDC8924C0361500E55A12 /* R.swift */,
				8F3D9FAD24C0055300374E09 /* Sources */,
				8F3D9FAE24C0055300374E09 /* Frameworks */,
				8F3D9FAF24C0055300374E09 /* Resources */,
				8F8BDC6724C02A6500E55A12 /* Swiftlint */,
				8F8BDC9724C0414800E55A12 /* Embed Frameworks */,
				90E11E655118034838B877D2 /* [CP] Embed Pods Frameworks */,
			);
			buildRules = (
			);
			dependencies = (
			);
			name = PetProject;
			productName = PetProject;
			productReference = 8F3D9FB124C0055300374E09 /* PetProject.app */;
			productType = "com.apple.product-type.application";
		};
		8F8BDBE524C00D4B00E55A12 /* PetProjectTests */ = {
			isa = PBXNativeTarget;
			buildConfigurationList = 8F8BDBED24C00D4B00E55A12 /* Build configuration list for PBXNativeTarget "PetProjectTests" */;
			buildPhases = (
				AC2421A547B53AF0624A1FA8 /* [CP] Check Pods Manifest.lock */,
				8F8BDBE224C00D4B00E55A12 /* Sources */,
				8F8BDBE324C00D4B00E55A12 /* Frameworks */,
				8F8BDBE424C00D4B00E55A12 /* Resources */,
			);
			buildRules = (
			);
			dependencies = (
				8F8BDBEC24C00D4B00E55A12 /* PBXTargetDependency */,
			);
			name = PetProjectTests;
			productName = PetProjectTests;
			productReference = 8F8BDBE624C00D4B00E55A12 /* PetProjectTests.xctest */;
			productType = "com.apple.product-type.bundle.unit-test";
		};
/* End PBXNativeTarget section */

/* Begin PBXProject section */
		8F3D9FA924C0055300374E09 /* Project object */ = {
			isa = PBXProject;
			attributes = {
				LastSwiftUpdateCheck = 1150;
				LastUpgradeCheck = 1150;
				ORGANIZATIONNAME = "Mikhail Muzhev";
				TargetAttributes = {
					8F3D9FB024C0055300374E09 = {
						CreatedOnToolsVersion = 11.5;
					};
					8F8BDBE524C00D4B00E55A12 = {
						CreatedOnToolsVersion = 11.5;
						TestTargetID = 8F3D9FB024C0055300374E09;
					};
				};
			};
			buildConfigurationList = 8F3D9FAC24C0055300374E09 /* Build configuration list for PBXProject "PetProject" */;
			compatibilityVersion = "Xcode 9.3";
			developmentRegion = en;
			hasScannedForEncodings = 0;
			knownRegions = (
				en,
				Base,
				ru,
			);
			mainGroup = 8F3D9FA824C0055300374E09;
			productRefGroup = 8F3D9FB224C0055300374E09 /* Products */;
			projectDirPath = "";
			projectRoot = "";
			targets = (
				8F3D9FB024C0055300374E09 /* PetProject */,
				8F8BDBE524C00D4B00E55A12 /* PetProjectTests */,
			);
		};
/* End PBXProject section */

/* Begin PBXResourcesBuildPhase section */
		8F3D9FAF24C0055300374E09 /* Resources */ = {
			isa = PBXResourcesBuildPhase;
			buildActionMask = 2147483647;
			files = (
				8F3D9FC124C0055800374E09 /* LaunchScreen.storyboard in Resources */,
				8F8BDC8424C02D6400E55A12 /* Localizable.strings in Resources */,
				8F3D9FBE24C0055800374E09 /* Assets.xcassets in Resources */,
			);
			runOnlyForDeploymentPostprocessing = 0;
		};
		8F8BDBE424C00D4B00E55A12 /* Resources */ = {
			isa = PBXResourcesBuildPhase;
			buildActionMask = 2147483647;
			files = (
			);
			runOnlyForDeploymentPostprocessing = 0;
		};
/* End PBXResourcesBuildPhase section */

/* Begin PBXShellScriptBuildPhase section */
		21564075B959D5C1E583AAEA /* [CP] Check Pods Manifest.lock */ = {
			isa = PBXShellScriptBuildPhase;
			buildActionMask = 2147483647;
			files = (
			);
			inputFileListPaths = (
			);
			inputPaths = (
				"${PODS_PODFILE_DIR_PATH}/Podfile.lock",
				"${PODS_ROOT}/Manifest.lock",
			);
			name = "[CP] Check Pods Manifest.lock";
			outputFileListPaths = (
			);
			outputPaths = (
				"$(DERIVED_FILE_DIR)/Pods-PetProject-checkManifestLockResult.txt",
			);
			runOnlyForDeploymentPostprocessing = 0;
			shellPath = /bin/sh;
			shellScript = "diff \"${PODS_PODFILE_DIR_PATH}/Podfile.lock\" \"${PODS_ROOT}/Manifest.lock\" > /dev/null\nif [ $? != 0 ] ; then\n    # print error to STDERR\n    echo \"error: The sandbox is not in sync with the Podfile.lock. Run 'pod install' or update your CocoaPods installation.\" >&2\n    exit 1\nfi\n# This output is used by Xcode 'outputs' to avoid re-running this script phase.\necho \"SUCCESS\" > \"${SCRIPT_OUTPUT_FILE_0}\"\n";
			showEnvVarsInLog = 0;
		};
		8F8BDC6724C02A6500E55A12 /* Swiftlint */ = {
			isa = PBXShellScriptBuildPhase;
			buildActionMask = 2147483647;
			files = (
			);
			inputFileListPaths = (
			);
			inputPaths = (
			);
			name = Swiftlint;
			outputFileListPaths = (
			);
			outputPaths = (
			);
			runOnlyForDeploymentPostprocessing = 0;
			shellPath = /bin/sh;
			shellScript = "\"${PODS_ROOT}/SwiftLint/swiftlint\"\n";
		};
		8F8BDC8924C0361500E55A12 /* R.swift */ = {
			isa = PBXShellScriptBuildPhase;
			buildActionMask = 2147483647;
			files = (
			);
			inputFileListPaths = (
			);
			inputPaths = (
				"$TEMP_DIR/rswift-lastrun",
			);
			name = R.swift;
			outputFileListPaths = (
			);
			outputPaths = (
				$SRCROOT/R.generated.swift,
			);
			runOnlyForDeploymentPostprocessing = 0;
			shellPath = /bin/sh;
			shellScript = "\"$PODS_ROOT/R.swift/rswift\" generate \"$SRCROOT/R.generated.swift\"\n";
		};
		90E11E655118034838B877D2 /* [CP] Embed Pods Frameworks */ = {
			isa = PBXShellScriptBuildPhase;
			buildActionMask = 2147483647;
			files = (
			);
			inputFileListPaths = (
				"${PODS_ROOT}/Target Support Files/Pods-PetProject/Pods-PetProject-frameworks-${CONFIGURATION}-input-files.xcfilelist",
			);
			name = "[CP] Embed Pods Frameworks";
			outputFileListPaths = (
				"${PODS_ROOT}/Target Support Files/Pods-PetProject/Pods-PetProject-frameworks-${CONFIGURATION}-output-files.xcfilelist",
			);
			runOnlyForDeploymentPostprocessing = 0;
			shellPath = /bin/sh;
			shellScript = "\"${PODS_ROOT}/Target Support Files/Pods-PetProject/Pods-PetProject-frameworks.sh\"\n";
			showEnvVarsInLog = 0;
		};
		AC2421A547B53AF0624A1FA8 /* [CP] Check Pods Manifest.lock */ = {
			isa = PBXShellScriptBuildPhase;
			buildActionMask = 2147483647;
			files = (
			);
			inputFileListPaths = (
			);
			inputPaths = (
				"${PODS_PODFILE_DIR_PATH}/Podfile.lock",
				"${PODS_ROOT}/Manifest.lock",
			);
			name = "[CP] Check Pods Manifest.lock";
			outputFileListPaths = (
			);
			outputPaths = (
				"$(DERIVED_FILE_DIR)/Pods-PetProjectTests-checkManifestLockResult.txt",
			);
			runOnlyForDeploymentPostprocessing = 0;
			shellPath = /bin/sh;
			shellScript = "diff \"${PODS_PODFILE_DIR_PATH}/Podfile.lock\" \"${PODS_ROOT}/Manifest.lock\" > /dev/null\nif [ $? != 0 ] ; then\n    # print error to STDERR\n    echo \"error: The sandbox is not in sync with the Podfile.lock. Run 'pod install' or update your CocoaPods installation.\" >&2\n    exit 1\nfi\n# This output is used by Xcode 'outputs' to avoid re-running this script phase.\necho \"SUCCESS\" > \"${SCRIPT_OUTPUT_FILE_0}\"\n";
			showEnvVarsInLog = 0;
		};
/* End PBXShellScriptBuildPhase section */

/* Begin PBXSourcesBuildPhase section */
		8F3D9FAD24C0055300374E09 /* Sources */ = {
			isa = PBXSourcesBuildPhase;
			buildActionMask = 2147483647;
			files = (
				8F8BDC5924C0195800E55A12 /* DebugLoggerType.swift in Sources */,
				8F8BDC4A24C0172600E55A12 /* NSAttributedString+Attributes.swift in Sources */,
				8F8BDC6324C021D100E55A12 /* AppError.swift in Sources */,
				8F8BDCBD24C1947200E55A12 /* NavigationBarOwner.swift in Sources */,
				8F8BDC3E24C0137100E55A12 /* AttributedLabel.swift in Sources */,
				8F8BDC5E24C020B000E55A12 /* RealmStorage.swift in Sources */,
				8F8BDC6124C0212E00E55A12 /* FileManager+Pathes.swift in Sources */,
				8F8BDCD424C1947F00E55A12 /* MainViewController.swift in Sources */,
				8F8BDCD924C1947F00E55A12 /* MainFabric.swift in Sources */,
				8F8BDC8F24C03D7400E55A12 /* R.generated.swift in Sources */,
				8F8BDCD824C1947F00E55A12 /* MainView.swift in Sources */,
				8F8BDC4524C0141A00E55A12 /* Style.swift in Sources */,
				8F8BDC4924C0172600E55A12 /* NSAttributedString+AttributesCustomizing.swift in Sources */,
				8F8BDC4E24C0192800E55A12 /* Logger.swift in Sources */,
				8F8BDC5724C0195800E55A12 /* SuccessLoggerType.swift in Sources */,
				8F8BDCD724C1947F00E55A12 /* MainRouter.swift in Sources */,
				8F3D9FB524C0055300374E09 /* AppDelegate.swift in Sources */,
				8F8BDCD224C1947F00E55A12 /* CarsListView.swift in Sources */,
				8F8BDCCF24C1947F00E55A12 /* CarsListPresenter.swift in Sources */,
				8F3D9FB724C0055300374E09 /* SceneDelegate.swift in Sources */,
				8F8BDCBE24C1947200E55A12 /* RouterInterface.swift in Sources */,
				8F8BDCD524C1947F00E55A12 /* MainInteractor.swift in Sources */,
				8F8BDC5B24C0195800E55A12 /* WarningLoggerType.swift in Sources */,
				8F8BDCBF24C1947200E55A12 /* BaseRouter.swift in Sources */,
				8F8BDC5824C0195800E55A12 /* LoggerMessageType.swift in Sources */,
				8F8BDCD024C1947F00E55A12 /* CarsListViewController.swift in Sources */,
				8F8BDC5624C0195800E55A12 /* ErrorLoggerType.swift in Sources */,
				8F8BDCD324C1947F00E55A12 /* CarsListRouter.swift in Sources */,
				8F8BDCD624C1947F00E55A12 /* MainPresenter.swift in Sources */,
				8F8BDCD124C1947F00E55A12 /* CarsListFabric.swift in Sources */,
				8F8BDCCE24C1947F00E55A12 /* CarsListInteractor.swift in Sources */,
				8F8BDC4224C013D800E55A12 /* UIView+Style.swift in Sources */,
				8F8BDC5A24C0195800E55A12 /* DefaultLoggerType.swift in Sources */,
			);
			runOnlyForDeploymentPostprocessing = 0;
		};
		8F8BDBE224C00D4B00E55A12 /* Sources */ = {
			isa = PBXSourcesBuildPhase;
			buildActionMask = 2147483647;
			files = (
				8F8BDBE924C00D4B00E55A12 /* PetProjectTests.swift in Sources */,
			);
			runOnlyForDeploymentPostprocessing = 0;
		};
/* End PBXSourcesBuildPhase section */

/* Begin PBXTargetDependency section */
		8F8BDBEC24C00D4B00E55A12 /* PBXTargetDependency */ = {
			isa = PBXTargetDependency;
			target = 8F3D9FB024C0055300374E09 /* PetProject */;
			targetProxy = 8F8BDBEB24C00D4B00E55A12 /* PBXContainerItemProxy */;
		};
/* End PBXTargetDependency section */

/* Begin PBXVariantGroup section */
		8F3D9FBF24C0055800374E09 /* LaunchScreen.storyboard */ = {
			isa = PBXVariantGroup;
			children = (
				8F3D9FC024C0055800374E09 /* Base */,
				8F8BDC8024C02CF200E55A12 /* ru */,
			);
			name = LaunchScreen.storyboard;
			sourceTree = "<group>";
		};
		8F8BDC8624C02D6400E55A12 /* Localizable.strings */ = {
			isa = PBXVariantGroup;
			children = (
				8F8BDC8524C02D6400E55A12 /* en */,
				8F8BDC8724C02D6800E55A12 /* ru */,
			);
			name = Localizable.strings;
			sourceTree = "<group>";
		};
/* End PBXVariantGroup section */

/* Begin XCBuildConfiguration section */
		8F3D9FC324C0055800374E09 /* Debug */ = {
			isa = XCBuildConfiguration;
			buildSettings = {
				ALWAYS_SEARCH_USER_PATHS = NO;
				CLANG_ANALYZER_LOCALIZABILITY_NONLOCALIZED = YES;
				CLANG_ANALYZER_NONNULL = YES;
				CLANG_ANALYZER_NUMBER_OBJECT_CONVERSION = YES_AGGRESSIVE;
				CLANG_CXX_LANGUAGE_STANDARD = "gnu++14";
				CLANG_CXX_LIBRARY = "libc++";
				CLANG_ENABLE_MODULES = YES;
				CLANG_ENABLE_OBJC_ARC = YES;
				CLANG_ENABLE_OBJC_WEAK = YES;
				CLANG_WARN_BLOCK_CAPTURE_AUTORELEASING = YES;
				CLANG_WARN_BOOL_CONVERSION = YES;
				CLANG_WARN_COMMA = YES;
				CLANG_WARN_CONSTANT_CONVERSION = YES;
				CLANG_WARN_DEPRECATED_OBJC_IMPLEMENTATIONS = YES;
				CLANG_WARN_DIRECT_OBJC_ISA_USAGE = YES_ERROR;
				CLANG_WARN_DOCUMENTATION_COMMENTS = YES;
				CLANG_WARN_EMPTY_BODY = YES;
				CLANG_WARN_ENUM_CONVERSION = YES;
				CLANG_WARN_INFINITE_RECURSION = YES;
				CLANG_WARN_INT_CONVERSION = YES;
				CLANG_WARN_NON_LITERAL_NULL_CONVERSION = YES;
				CLANG_WARN_OBJC_IMPLICIT_RETAIN_SELF = YES;
				CLANG_WARN_OBJC_LITERAL_CONVERSION = YES;
				CLANG_WARN_OBJC_ROOT_CLASS = YES_ERROR;
				CLANG_WARN_RANGE_LOOP_ANALYSIS = YES;
				CLANG_WARN_STRICT_PROTOTYPES = YES;
				CLANG_WARN_SUSPICIOUS_MOVE = YES;
				CLANG_WARN_UNGUARDED_AVAILABILITY = YES_AGGRESSIVE;
				CLANG_WARN_UNREACHABLE_CODE = YES;
				CLANG_WARN__DUPLICATE_METHOD_MATCH = YES;
				COPY_PHASE_STRIP = NO;
				DEBUG_INFORMATION_FORMAT = dwarf;
				ENABLE_STRICT_OBJC_MSGSEND = YES;
				ENABLE_TESTABILITY = YES;
				GCC_C_LANGUAGE_STANDARD = gnu11;
				GCC_DYNAMIC_NO_PIC = NO;
				GCC_NO_COMMON_BLOCKS = YES;
				GCC_OPTIMIZATION_LEVEL = 0;
				GCC_PREPROCESSOR_DEFINITIONS = (
					"DEBUG=1",
					"$(inherited)",
				);
				GCC_WARN_64_TO_32_BIT_CONVERSION = YES;
				GCC_WARN_ABOUT_RETURN_TYPE = YES_ERROR;
				GCC_WARN_UNDECLARED_SELECTOR = YES;
				GCC_WARN_UNINITIALIZED_AUTOS = YES_AGGRESSIVE;
				GCC_WARN_UNUSED_FUNCTION = YES;
				GCC_WARN_UNUSED_VARIABLE = YES;
				IPHONEOS_DEPLOYMENT_TARGET = 13.5;
				MTL_ENABLE_DEBUG_INFO = INCLUDE_SOURCE;
				MTL_FAST_MATH = YES;
				ONLY_ACTIVE_ARCH = YES;
				SDKROOT = iphoneos;
				SWIFT_ACTIVE_COMPILATION_CONDITIONS = DEBUG;
				SWIFT_OPTIMIZATION_LEVEL = "-Onone";
			};
			name = Debug;
		};
		8F3D9FC424C0055800374E09 /* Release */ = {
			isa = XCBuildConfiguration;
			buildSettings = {
				ALWAYS_SEARCH_USER_PATHS = NO;
				CLANG_ANALYZER_LOCALIZABILITY_NONLOCALIZED = YES;
				CLANG_ANALYZER_NONNULL = YES;
				CLANG_ANALYZER_NUMBER_OBJECT_CONVERSION = YES_AGGRESSIVE;
				CLANG_CXX_LANGUAGE_STANDARD = "gnu++14";
				CLANG_CXX_LIBRARY = "libc++";
				CLANG_ENABLE_MODULES = YES;
				CLANG_ENABLE_OBJC_ARC = YES;
				CLANG_ENABLE_OBJC_WEAK = YES;
				CLANG_WARN_BLOCK_CAPTURE_AUTORELEASING = YES;
				CLANG_WARN_BOOL_CONVERSION = YES;
				CLANG_WARN_COMMA = YES;
				CLANG_WARN_CONSTANT_CONVERSION = YES;
				CLANG_WARN_DEPRECATED_OBJC_IMPLEMENTATIONS = YES;
				CLANG_WARN_DIRECT_OBJC_ISA_USAGE = YES_ERROR;
				CLANG_WARN_DOCUMENTATION_COMMENTS = YES;
				CLANG_WARN_EMPTY_BODY = YES;
				CLANG_WARN_ENUM_CONVERSION = YES;
				CLANG_WARN_INFINITE_RECURSION = YES;
				CLANG_WARN_INT_CONVERSION = YES;
				CLANG_WARN_NON_LITERAL_NULL_CONVERSION = YES;
				CLANG_WARN_OBJC_IMPLICIT_RETAIN_SELF = YES;
				CLANG_WARN_OBJC_LITERAL_CONVERSION = YES;
				CLANG_WARN_OBJC_ROOT_CLASS = YES_ERROR;
				CLANG_WARN_RANGE_LOOP_ANALYSIS = YES;
				CLANG_WARN_STRICT_PROTOTYPES = YES;
				CLANG_WARN_SUSPICIOUS_MOVE = YES;
				CLANG_WARN_UNGUARDED_AVAILABILITY = YES_AGGRESSIVE;
				CLANG_WARN_UNREACHABLE_CODE = YES;
				CLANG_WARN__DUPLICATE_METHOD_MATCH = YES;
				COPY_PHASE_STRIP = NO;
				DEBUG_INFORMATION_FORMAT = "dwarf-with-dsym";
				ENABLE_NS_ASSERTIONS = NO;
				ENABLE_STRICT_OBJC_MSGSEND = YES;
				GCC_C_LANGUAGE_STANDARD = gnu11;
				GCC_NO_COMMON_BLOCKS = YES;
				GCC_WARN_64_TO_32_BIT_CONVERSION = YES;
				GCC_WARN_ABOUT_RETURN_TYPE = YES_ERROR;
				GCC_WARN_UNDECLARED_SELECTOR = YES;
				GCC_WARN_UNINITIALIZED_AUTOS = YES_AGGRESSIVE;
				GCC_WARN_UNUSED_FUNCTION = YES;
				GCC_WARN_UNUSED_VARIABLE = YES;
				IPHONEOS_DEPLOYMENT_TARGET = 13.5;
				MTL_ENABLE_DEBUG_INFO = NO;
				MTL_FAST_MATH = YES;
				SDKROOT = iphoneos;
				SWIFT_COMPILATION_MODE = wholemodule;
				SWIFT_OPTIMIZATION_LEVEL = "-O";
				VALIDATE_PRODUCT = YES;
			};
			name = Release;
		};
		8F3D9FC624C0055800374E09 /* Debug */ = {
			isa = XCBuildConfiguration;
			baseConfigurationReference = BDD9992C50914DAC2BA51A09 /* Pods-PetProject.debug.xcconfig */;
			buildSettings = {
				ASSETCATALOG_COMPILER_APPICON_NAME = AppIcon;
				CODE_SIGN_STYLE = Manual;
				DEVELOPMENT_TEAM = "";
				INFOPLIST_FILE = PetProject/Info.plist;
				IPHONEOS_DEPLOYMENT_TARGET = 13.5;
				LD_RUNPATH_SEARCH_PATHS = (
					"$(inherited)",
					"@executable_path/Frameworks",
				);
				PRODUCT_BUNDLE_IDENTIFIER = com.mmuzhev.PetProject;
				PRODUCT_NAME = "$(TARGET_NAME)";
				PROVISIONING_PROFILE_SPECIFIER = "";
				SWIFT_VERSION = 5.0;
				TARGETED_DEVICE_FAMILY = "1,2";
			};
			name = Debug;
		};
		8F3D9FC724C0055800374E09 /* Release */ = {
			isa = XCBuildConfiguration;
			baseConfigurationReference = 61FFEC6AEB5E385AA7606FCD /* Pods-PetProject.release.xcconfig */;
			buildSettings = {
				ASSETCATALOG_COMPILER_APPICON_NAME = AppIcon;
				CODE_SIGN_STYLE = Manual;
				DEVELOPMENT_TEAM = "";
				INFOPLIST_FILE = PetProject/Info.plist;
				IPHONEOS_DEPLOYMENT_TARGET = 13.5;
				LD_RUNPATH_SEARCH_PATHS = (
					"$(inherited)",
					"@executable_path/Frameworks",
				);
				PRODUCT_BUNDLE_IDENTIFIER = com.mmuzhev.PetProject;
				PRODUCT_NAME = "$(TARGET_NAME)";
				PROVISIONING_PROFILE_SPECIFIER = "";
				SWIFT_VERSION = 5.0;
				TARGETED_DEVICE_FAMILY = "1,2";
			};
			name = Release;
		};
		8F8BDBEE24C00D4B00E55A12 /* Debug */ = {
			isa = XCBuildConfiguration;
			baseConfigurationReference = D793F0692A9A39EEB3CC4430 /* Pods-PetProjectTests.debug.xcconfig */;
			buildSettings = {
				BUNDLE_LOADER = "$(TEST_HOST)";
				CODE_SIGN_STYLE = Manual;
				DEVELOPMENT_TEAM = "";
				INFOPLIST_FILE = PetProjectTests/Info.plist;
				LD_RUNPATH_SEARCH_PATHS = (
					"$(inherited)",
					"@executable_path/Frameworks",
					"@loader_path/Frameworks",
				);
				PRODUCT_BUNDLE_IDENTIFIER = com.mmuzhev.PetProjectTests;
				PRODUCT_NAME = "$(TARGET_NAME)";
				PROVISIONING_PROFILE_SPECIFIER = "";
				"PROVISIONING_PROFILE_SPECIFIER[sdk=macosx*]" = "";
				SWIFT_VERSION = 5.0;
				TARGETED_DEVICE_FAMILY = "1,2";
				TEST_HOST = "$(BUILT_PRODUCTS_DIR)/PetProject.app/PetProject";
			};
			name = Debug;
		};
		8F8BDBEF24C00D4B00E55A12 /* Release */ = {
			isa = XCBuildConfiguration;
			baseConfigurationReference = 9F52BF9EF029E20B665A50A5 /* Pods-PetProjectTests.release.xcconfig */;
			buildSettings = {
				BUNDLE_LOADER = "$(TEST_HOST)";
				CODE_SIGN_STYLE = Manual;
				DEVELOPMENT_TEAM = "";
				INFOPLIST_FILE = PetProjectTests/Info.plist;
				LD_RUNPATH_SEARCH_PATHS = (
					"$(inherited)",
					"@executable_path/Frameworks",
					"@loader_path/Frameworks",
				);
				PRODUCT_BUNDLE_IDENTIFIER = com.mmuzhev.PetProjectTests;
				PRODUCT_NAME = "$(TARGET_NAME)";
				PROVISIONING_PROFILE_SPECIFIER = "";
				"PROVISIONING_PROFILE_SPECIFIER[sdk=macosx*]" = "";
				SWIFT_VERSION = 5.0;
				TARGETED_DEVICE_FAMILY = "1,2";
				TEST_HOST = "$(BUILT_PRODUCTS_DIR)/PetProject.app/PetProject";
			};
			name = Release;
		};
/* End XCBuildConfiguration section */

/* Begin XCConfigurationList section */
		8F3D9FAC24C0055300374E09 /* Build configuration list for PBXProject "PetProject" */ = {
			isa = XCConfigurationList;
			buildConfigurations = (
				8F3D9FC324C0055800374E09 /* Debug */,
				8F3D9FC424C0055800374E09 /* Release */,
			);
			defaultConfigurationIsVisible = 0;
			defaultConfigurationName = Release;
		};
		8F3D9FC524C0055800374E09 /* Build configuration list for PBXNativeTarget "PetProject" */ = {
			isa = XCConfigurationList;
			buildConfigurations = (
				8F3D9FC624C0055800374E09 /* Debug */,
				8F3D9FC724C0055800374E09 /* Release */,
			);
			defaultConfigurationIsVisible = 0;
			defaultConfigurationName = Release;
		};
		8F8BDBED24C00D4B00E55A12 /* Build configuration list for PBXNativeTarget "PetProjectTests" */ = {
			isa = XCConfigurationList;
			buildConfigurations = (
				8F8BDBEE24C00D4B00E55A12 /* Debug */,
				8F8BDBEF24C00D4B00E55A12 /* Release */,
			);
			defaultConfigurationIsVisible = 0;
			defaultConfigurationName = Release;
		};
/* End XCConfigurationList section */
	};
	rootObject = 8F3D9FA924C0055300374E09 /* Project object */;
}
